// !$*UTF8*$!
{
	archiveVersion = 1;
	classes = {
	};
	objectVersion = 46;
	objects = {

/* Begin PBXBuildFile section */
		E3511FD3157E0E840095BF55 /* walma.png in Resources */ = {isa = PBXBuildFile; fileRef = E3511FD2157E0E840095BF55 /* walma.png */; };
		E3511FD6157E0FF40095BF55 /* walma_pad.png in Resources */ = {isa = PBXBuildFile; fileRef = E3511FD5157E0FF40095BF55 /* walma_pad.png */; };
		E3768F85159078F60075C429 /* Localizable.strings in Resources */ = {isa = PBXBuildFile; fileRef = E3768F87159078F60075C429 /* Localizable.strings */; };
		E385F3541586950B00137EB6 /* MobileCoreServices.framework in Frameworks */ = {isa = PBXBuildFile; fileRef = E385F3531586950B00137EB6 /* MobileCoreServices.framework */; };
		E385F3561586951500137EB6 /* SystemConfiguration.framework in Frameworks */ = {isa = PBXBuildFile; fileRef = E385F3551586951500137EB6 /* SystemConfiguration.framework */; };
		E385F3581586951C00137EB6 /* CFNetwork.framework in Frameworks */ = {isa = PBXBuildFile; fileRef = E385F3571586951C00137EB6 /* CFNetwork.framework */; };
		E385F35A1586953600137EB6 /* libz.dylib in Frameworks */ = {isa = PBXBuildFile; fileRef = E385F3591586953600137EB6 /* libz.dylib */; };
		E385F35C1586954200137EB6 /* libxml2.2.7.3.dylib in Frameworks */ = {isa = PBXBuildFile; fileRef = E385F35B1586954200137EB6 /* libxml2.2.7.3.dylib */; };
		E385F3B61586975100137EB6 /* ASIAuthenticationDialog.m in Sources */ = {isa = PBXBuildFile; fileRef = E385F35F1586975100137EB6 /* ASIAuthenticationDialog.m */; };
		E385F3B71586975100137EB6 /* ASIDataCompressor.m in Sources */ = {isa = PBXBuildFile; fileRef = E385F3621586975100137EB6 /* ASIDataCompressor.m */; };
		E385F3B81586975100137EB6 /* ASIDataDecompressor.m in Sources */ = {isa = PBXBuildFile; fileRef = E385F3641586975100137EB6 /* ASIDataDecompressor.m */; };
		E385F3B91586975100137EB6 /* ASIDownloadCache.m in Sources */ = {isa = PBXBuildFile; fileRef = E385F3661586975100137EB6 /* ASIDownloadCache.m */; };
		E385F3BA1586975100137EB6 /* ASIFormDataRequest.m in Sources */ = {isa = PBXBuildFile; fileRef = E385F3681586975100137EB6 /* ASIFormDataRequest.m */; };
		E385F3BB1586975100137EB6 /* ASIHTTPRequest.m in Sources */ = {isa = PBXBuildFile; fileRef = E385F36A1586975100137EB6 /* ASIHTTPRequest.m */; };
		E385F3BC1586975100137EB6 /* ASIInputStream.m in Sources */ = {isa = PBXBuildFile; fileRef = E385F36E1586975100137EB6 /* ASIInputStream.m */; };
		E385F3BD1586975100137EB6 /* ASINetworkQueue.m in Sources */ = {isa = PBXBuildFile; fileRef = E385F3701586975100137EB6 /* ASINetworkQueue.m */; };
		E385F3BE1586975100137EB6 /* ASIWebPageRequest.m in Sources */ = {isa = PBXBuildFile; fileRef = E385F3741586975100137EB6 /* ASIWebPageRequest.m */; };
		E385F3DB1586975100137EB6 /* README-GHUnit in Resources */ = {isa = PBXBuildFile; fileRef = E385F3B21586975100137EB6 /* README-GHUnit */; };
		E385F3DC1586975100137EB6 /* Reachability.m in Sources */ = {isa = PBXBuildFile; fileRef = E385F3B51586975100137EB6 /* Reachability.m */; };
		E3ABA10F158712DC00866DF1 /* walmaViewController.m in Sources */ = {isa = PBXBuildFile; fileRef = E3ABA10E158712DC00866DF1 /* walmaViewController.m */; };
		E3ABA11D1587423B00866DF1 /* Settings.bundle in Resources */ = {isa = PBXBuildFile; fileRef = E3ABA11C1587423B00866DF1 /* Settings.bundle */; };
		E3E90E8B157D3DA3004F1127 /* UIKit.framework in Frameworks */ = {isa = PBXBuildFile; fileRef = E3E90E8A157D3DA3004F1127 /* UIKit.framework */; };
		E3E90E8D157D3DA3004F1127 /* Foundation.framework in Frameworks */ = {isa = PBXBuildFile; fileRef = E3E90E8C157D3DA3004F1127 /* Foundation.framework */; };
		E3E90E8F157D3DA3004F1127 /* CoreGraphics.framework in Frameworks */ = {isa = PBXBuildFile; fileRef = E3E90E8E157D3DA3004F1127 /* CoreGraphics.framework */; };
		E3E90E95157D3DA3004F1127 /* InfoPlist.strings in Resources */ = {isa = PBXBuildFile; fileRef = E3E90E93157D3DA3004F1127 /* InfoPlist.strings */; };
		E3E90E97157D3DA3004F1127 /* main.m in Sources */ = {isa = PBXBuildFile; fileRef = E3E90E96157D3DA3004F1127 /* main.m */; };
		E3E90E9B157D3DA3004F1127 /* walmaAppDelegate.m in Sources */ = {isa = PBXBuildFile; fileRef = E3E90E9A157D3DA3004F1127 /* walmaAppDelegate.m */; };
		E3E90E9E157D3DA3004F1127 /* MainStoryboard_iPhone.storyboard in Resources */ = {isa = PBXBuildFile; fileRef = E3E90E9C157D3DA3004F1127 /* MainStoryboard_iPhone.storyboard */; };
		E3E90EA1157D3DA3004F1127 /* MainStoryboard_iPad.storyboard in Resources */ = {isa = PBXBuildFile; fileRef = E3E90E9F157D3DA3004F1127 /* MainStoryboard_iPad.storyboard */; };
		E3E90EAC157D3DA3004F1127 /* SenTestingKit.framework in Frameworks */ = {isa = PBXBuildFile; fileRef = E3E90EAB157D3DA3004F1127 /* SenTestingKit.framework */; };
		E3E90EAD157D3DA3004F1127 /* UIKit.framework in Frameworks */ = {isa = PBXBuildFile; fileRef = E3E90E8A157D3DA3004F1127 /* UIKit.framework */; };
		E3E90EAE157D3DA3004F1127 /* Foundation.framework in Frameworks */ = {isa = PBXBuildFile; fileRef = E3E90E8C157D3DA3004F1127 /* Foundation.framework */; };
		E3E90EB6157D3DA3004F1127 /* InfoPlist.strings in Resources */ = {isa = PBXBuildFile; fileRef = E3E90EB4157D3DA3004F1127 /* InfoPlist.strings */; };
		E3E90EB9157D3DA3004F1127 /* walma_iosTests.m in Sources */ = {isa = PBXBuildFile; fileRef = E3E90EB8157D3DA3004F1127 /* walma_iosTests.m */; };
/* End PBXBuildFile section */

/* Begin PBXContainerItemProxy section */
		E3E90EAF157D3DA3004F1127 /* PBXContainerItemProxy */ = {
			isa = PBXContainerItemProxy;
			containerPortal = E3E90E7D157D3DA2004F1127 /* Project object */;
			proxyType = 1;
			remoteGlobalIDString = E3E90E85157D3DA2004F1127;
			remoteInfo = "walma-ios";
		};
/* End PBXContainerItemProxy section */

/* Begin PBXFileReference section */
		E3511FD2157E0E840095BF55 /* walma.png */ = {isa = PBXFileReference; lastKnownFileType = image.png; path = walma.png; sourceTree = "<group>"; };
		E3511FD5157E0FF40095BF55 /* walma_pad.png */ = {isa = PBXFileReference; lastKnownFileType = image.png; path = walma_pad.png; sourceTree = "<group>"; };
		E3768F86159078F60075C429 /* en */ = {isa = PBXFileReference; lastKnownFileType = text.plist.strings; name = en; path = en.lproj/Localizable.strings; sourceTree = "<group>"; };
		E3768F88159079060075C429 /* fi */ = {isa = PBXFileReference; lastKnownFileType = text.plist.strings; name = fi; path = fi.lproj/Localizable.strings; sourceTree = "<group>"; };
		E385F3531586950B00137EB6 /* MobileCoreServices.framework */ = {isa = PBXFileReference; lastKnownFileType = wrapper.framework; name = MobileCoreServices.framework; path = System/Library/Frameworks/MobileCoreServices.framework; sourceTree = SDKROOT; };
		E385F3551586951500137EB6 /* SystemConfiguration.framework */ = {isa = PBXFileReference; lastKnownFileType = wrapper.framework; name = SystemConfiguration.framework; path = System/Library/Frameworks/SystemConfiguration.framework; sourceTree = SDKROOT; };
		E385F3571586951C00137EB6 /* CFNetwork.framework */ = {isa = PBXFileReference; lastKnownFileType = wrapper.framework; name = CFNetwork.framework; path = System/Library/Frameworks/CFNetwork.framework; sourceTree = SDKROOT; };
		E385F3591586953600137EB6 /* libz.dylib */ = {isa = PBXFileReference; lastKnownFileType = "compiled.mach-o.dylib"; name = libz.dylib; path = usr/lib/libz.dylib; sourceTree = SDKROOT; };
		E385F35B1586954200137EB6 /* libxml2.2.7.3.dylib */ = {isa = PBXFileReference; lastKnownFileType = "compiled.mach-o.dylib"; name = libxml2.2.7.3.dylib; path = usr/lib/libxml2.2.7.3.dylib; sourceTree = SDKROOT; };
		E385F35E1586975100137EB6 /* ASIAuthenticationDialog.h */ = {isa = PBXFileReference; fileEncoding = 4; lastKnownFileType = sourcecode.c.h; path = ASIAuthenticationDialog.h; sourceTree = "<group>"; };
		E385F35F1586975100137EB6 /* ASIAuthenticationDialog.m */ = {isa = PBXFileReference; fileEncoding = 4; lastKnownFileType = sourcecode.c.objc; path = ASIAuthenticationDialog.m; sourceTree = "<group>"; };
		E385F3601586975100137EB6 /* ASICacheDelegate.h */ = {isa = PBXFileReference; fileEncoding = 4; lastKnownFileType = sourcecode.c.h; path = ASICacheDelegate.h; sourceTree = "<group>"; };
		E385F3611586975100137EB6 /* ASIDataCompressor.h */ = {isa = PBXFileReference; fileEncoding = 4; lastKnownFileType = sourcecode.c.h; path = ASIDataCompressor.h; sourceTree = "<group>"; };
		E385F3621586975100137EB6 /* ASIDataCompressor.m */ = {isa = PBXFileReference; fileEncoding = 4; lastKnownFileType = sourcecode.c.objc; path = ASIDataCompressor.m; sourceTree = "<group>"; };
		E385F3631586975100137EB6 /* ASIDataDecompressor.h */ = {isa = PBXFileReference; fileEncoding = 4; lastKnownFileType = sourcecode.c.h; path = ASIDataDecompressor.h; sourceTree = "<group>"; };
		E385F3641586975100137EB6 /* ASIDataDecompressor.m */ = {isa = PBXFileReference; fileEncoding = 4; lastKnownFileType = sourcecode.c.objc; path = ASIDataDecompressor.m; sourceTree = "<group>"; };
		E385F3651586975100137EB6 /* ASIDownloadCache.h */ = {isa = PBXFileReference; fileEncoding = 4; lastKnownFileType = sourcecode.c.h; path = ASIDownloadCache.h; sourceTree = "<group>"; };
		E385F3661586975100137EB6 /* ASIDownloadCache.m */ = {isa = PBXFileReference; fileEncoding = 4; lastKnownFileType = sourcecode.c.objc; path = ASIDownloadCache.m; sourceTree = "<group>"; };
		E385F3671586975100137EB6 /* ASIFormDataRequest.h */ = {isa = PBXFileReference; fileEncoding = 4; lastKnownFileType = sourcecode.c.h; path = ASIFormDataRequest.h; sourceTree = "<group>"; };
		E385F3681586975100137EB6 /* ASIFormDataRequest.m */ = {isa = PBXFileReference; fileEncoding = 4; lastKnownFileType = sourcecode.c.objc; path = ASIFormDataRequest.m; sourceTree = "<group>"; };
		E385F3691586975100137EB6 /* ASIHTTPRequest.h */ = {isa = PBXFileReference; fileEncoding = 4; lastKnownFileType = sourcecode.c.h; path = ASIHTTPRequest.h; sourceTree = "<group>"; };
		E385F36A1586975100137EB6 /* ASIHTTPRequest.m */ = {isa = PBXFileReference; fileEncoding = 4; lastKnownFileType = sourcecode.c.objc; path = ASIHTTPRequest.m; sourceTree = "<group>"; };
		E385F36B1586975100137EB6 /* ASIHTTPRequestConfig.h */ = {isa = PBXFileReference; fileEncoding = 4; lastKnownFileType = sourcecode.c.h; path = ASIHTTPRequestConfig.h; sourceTree = "<group>"; };
		E385F36C1586975100137EB6 /* ASIHTTPRequestDelegate.h */ = {isa = PBXFileReference; fileEncoding = 4; lastKnownFileType = sourcecode.c.h; path = ASIHTTPRequestDelegate.h; sourceTree = "<group>"; };
		E385F36D1586975100137EB6 /* ASIInputStream.h */ = {isa = PBXFileReference; fileEncoding = 4; lastKnownFileType = sourcecode.c.h; path = ASIInputStream.h; sourceTree = "<group>"; };
		E385F36E1586975100137EB6 /* ASIInputStream.m */ = {isa = PBXFileReference; fileEncoding = 4; lastKnownFileType = sourcecode.c.objc; path = ASIInputStream.m; sourceTree = "<group>"; };
		E385F36F1586975100137EB6 /* ASINetworkQueue.h */ = {isa = PBXFileReference; fileEncoding = 4; lastKnownFileType = sourcecode.c.h; path = ASINetworkQueue.h; sourceTree = "<group>"; };
		E385F3701586975100137EB6 /* ASINetworkQueue.m */ = {isa = PBXFileReference; fileEncoding = 4; lastKnownFileType = sourcecode.c.objc; path = ASINetworkQueue.m; sourceTree = "<group>"; };
		E385F3711586975100137EB6 /* ASIProgressDelegate.h */ = {isa = PBXFileReference; fileEncoding = 4; lastKnownFileType = sourcecode.c.h; path = ASIProgressDelegate.h; sourceTree = "<group>"; };
		E385F3731586975100137EB6 /* ASIWebPageRequest.h */ = {isa = PBXFileReference; fileEncoding = 4; lastKnownFileType = sourcecode.c.h; path = ASIWebPageRequest.h; sourceTree = "<group>"; };
		E385F3741586975100137EB6 /* ASIWebPageRequest.m */ = {isa = PBXFileReference; fileEncoding = 4; lastKnownFileType = sourcecode.c.objc; path = ASIWebPageRequest.m; sourceTree = "<group>"; };
		E385F3B21586975100137EB6 /* README-GHUnit */ = {isa = PBXFileReference; fileEncoding = 4; lastKnownFileType = text; path = "README-GHUnit"; sourceTree = "<group>"; };
		E385F3B41586975100137EB6 /* Reachability.h */ = {isa = PBXFileReference; fileEncoding = 4; lastKnownFileType = sourcecode.c.h; path = Reachability.h; sourceTree = "<group>"; };
		E385F3B51586975100137EB6 /* Reachability.m */ = {isa = PBXFileReference; fileEncoding = 4; lastKnownFileType = sourcecode.c.objc; path = Reachability.m; sourceTree = "<group>"; };
		E3ABA10E158712DC00866DF1 /* walmaViewController.m */ = {isa = PBXFileReference; fileEncoding = 4; lastKnownFileType = sourcecode.c.objc; path = walmaViewController.m; sourceTree = "<group>"; };
		E3ABA11C1587423B00866DF1 /* Settings.bundle */ = {isa = PBXFileReference; lastKnownFileType = "wrapper.plug-in"; path = Settings.bundle; sourceTree = "<group>"; };
		E3E90E86157D3DA3004F1127 /* walma-ios.app */ = {isa = PBXFileReference; explicitFileType = wrapper.application; includeInIndex = 0; path = "walma-ios.app"; sourceTree = BUILT_PRODUCTS_DIR; };
		E3E90E8A157D3DA3004F1127 /* UIKit.framework */ = {isa = PBXFileReference; lastKnownFileType = wrapper.framework; name = UIKit.framework; path = System/Library/Frameworks/UIKit.framework; sourceTree = SDKROOT; };
		E3E90E8C157D3DA3004F1127 /* Foundation.framework */ = {isa = PBXFileReference; lastKnownFileType = wrapper.framework; name = Foundation.framework; path = System/Library/Frameworks/Foundation.framework; sourceTree = SDKROOT; };
		E3E90E8E157D3DA3004F1127 /* CoreGraphics.framework */ = {isa = PBXFileReference; lastKnownFileType = wrapper.framework; name = CoreGraphics.framework; path = System/Library/Frameworks/CoreGraphics.framework; sourceTree = SDKROOT; };
		E3E90E92157D3DA3004F1127 /* walma-ios-Info.plist */ = {isa = PBXFileReference; lastKnownFileType = text.plist.xml; path = "walma-ios-Info.plist"; sourceTree = "<group>"; };
		E3E90E94157D3DA3004F1127 /* en */ = {isa = PBXFileReference; lastKnownFileType = text.plist.strings; name = en; path = en.lproj/InfoPlist.strings; sourceTree = "<group>"; };
		E3E90E96157D3DA3004F1127 /* main.m */ = {isa = PBXFileReference; lastKnownFileType = sourcecode.c.objc; path = main.m; sourceTree = "<group>"; };
		E3E90E98157D3DA3004F1127 /* walma-ios-Prefix.pch */ = {isa = PBXFileReference; lastKnownFileType = sourcecode.c.h; path = "walma-ios-Prefix.pch"; sourceTree = "<group>"; };
		E3E90E99157D3DA3004F1127 /* walmaAppDelegate.h */ = {isa = PBXFileReference; lastKnownFileType = sourcecode.c.h; path = walmaAppDelegate.h; sourceTree = "<group>"; };
		E3E90E9A157D3DA3004F1127 /* walmaAppDelegate.m */ = {isa = PBXFileReference; lastKnownFileType = sourcecode.c.objc; path = walmaAppDelegate.m; sourceTree = "<group>"; };
		E3E90E9D157D3DA3004F1127 /* en */ = {isa = PBXFileReference; lastKnownFileType = file.storyboard; name = en; path = en.lproj/MainStoryboard_iPhone.storyboard; sourceTree = "<group>"; };
		E3E90EA0157D3DA3004F1127 /* en */ = {isa = PBXFileReference; lastKnownFileType = file.storyboard; name = en; path = en.lproj/MainStoryboard_iPad.storyboard; sourceTree = "<group>"; };
		E3E90EA2157D3DA3004F1127 /* walmaViewController.h */ = {isa = PBXFileReference; lastKnownFileType = sourcecode.c.h; path = walmaViewController.h; sourceTree = "<group>"; };
		E3E90EAA157D3DA3004F1127 /* walma-iosTests.octest */ = {isa = PBXFileReference; explicitFileType = wrapper.cfbundle; includeInIndex = 0; path = "walma-iosTests.octest"; sourceTree = BUILT_PRODUCTS_DIR; };
		E3E90EAB157D3DA3004F1127 /* SenTestingKit.framework */ = {isa = PBXFileReference; lastKnownFileType = wrapper.framework; name = SenTestingKit.framework; path = Library/Frameworks/SenTestingKit.framework; sourceTree = DEVELOPER_DIR; };
		E3E90EB3157D3DA3004F1127 /* walma-iosTests-Info.plist */ = {isa = PBXFileReference; lastKnownFileType = text.plist.xml; path = "walma-iosTests-Info.plist"; sourceTree = "<group>"; };
		E3E90EB5157D3DA3004F1127 /* en */ = {isa = PBXFileReference; lastKnownFileType = text.plist.strings; name = en; path = en.lproj/InfoPlist.strings; sourceTree = "<group>"; };
		E3E90EB7157D3DA3004F1127 /* walma_iosTests.h */ = {isa = PBXFileReference; lastKnownFileType = sourcecode.c.h; path = walma_iosTests.h; sourceTree = "<group>"; };
		E3E90EB8157D3DA3004F1127 /* walma_iosTests.m */ = {isa = PBXFileReference; lastKnownFileType = sourcecode.c.objc; path = walma_iosTests.m; sourceTree = "<group>"; };
/* End PBXFileReference section */

/* Begin PBXFrameworksBuildPhase section */
		E3E90E83157D3DA2004F1127 /* Frameworks */ = {
			isa = PBXFrameworksBuildPhase;
			buildActionMask = 2147483647;
			files = (
				E385F35C1586954200137EB6 /* libxml2.2.7.3.dylib in Frameworks */,
				E385F35A1586953600137EB6 /* libz.dylib in Frameworks */,
				E3E90E8F157D3DA3004F1127 /* CoreGraphics.framework in Frameworks */,
				E385F3581586951C00137EB6 /* CFNetwork.framework in Frameworks */,
				E385F3561586951500137EB6 /* SystemConfiguration.framework in Frameworks */,
				E385F3541586950B00137EB6 /* MobileCoreServices.framework in Frameworks */,
				E3E90E8B157D3DA3004F1127 /* UIKit.framework in Frameworks */,
				E3E90E8D157D3DA3004F1127 /* Foundation.framework in Frameworks */,
			);
			runOnlyForDeploymentPostprocessing = 0;
		};
		E3E90EA6157D3DA3004F1127 /* Frameworks */ = {
			isa = PBXFrameworksBuildPhase;
			buildActionMask = 2147483647;
			files = (
				E3E90EAC157D3DA3004F1127 /* SenTestingKit.framework in Frameworks */,
				E3E90EAD157D3DA3004F1127 /* UIKit.framework in Frameworks */,
				E3E90EAE157D3DA3004F1127 /* Foundation.framework in Frameworks */,
			);
			runOnlyForDeploymentPostprocessing = 0;
		};
/* End PBXFrameworksBuildPhase section */

/* Begin PBXGroup section */
		E385F35D1586975100137EB6 /* Classes */ = {
			isa = PBXGroup;
			children = (
				E385F35E1586975100137EB6 /* ASIAuthenticationDialog.h */,
				E385F35F1586975100137EB6 /* ASIAuthenticationDialog.m */,
				E385F3601586975100137EB6 /* ASICacheDelegate.h */,
				E385F3611586975100137EB6 /* ASIDataCompressor.h */,
				E385F3621586975100137EB6 /* ASIDataCompressor.m */,
				E385F3631586975100137EB6 /* ASIDataDecompressor.h */,
				E385F3641586975100137EB6 /* ASIDataDecompressor.m */,
				E385F3651586975100137EB6 /* ASIDownloadCache.h */,
				E385F3661586975100137EB6 /* ASIDownloadCache.m */,
				E385F3671586975100137EB6 /* ASIFormDataRequest.h */,
				E385F3681586975100137EB6 /* ASIFormDataRequest.m */,
				E385F3691586975100137EB6 /* ASIHTTPRequest.h */,
				E385F36A1586975100137EB6 /* ASIHTTPRequest.m */,
				E385F36B1586975100137EB6 /* ASIHTTPRequestConfig.h */,
				E385F36C1586975100137EB6 /* ASIHTTPRequestDelegate.h */,
				E385F36D1586975100137EB6 /* ASIInputStream.h */,
				E385F36E1586975100137EB6 /* ASIInputStream.m */,
				E385F36F1586975100137EB6 /* ASINetworkQueue.h */,
				E385F3701586975100137EB6 /* ASINetworkQueue.m */,
				E385F3711586975100137EB6 /* ASIProgressDelegate.h */,
				E385F3721586975100137EB6 /* ASIWebPageRequest */,
			);
			path = Classes;
			sourceTree = "<group>";
		};
		E385F3721586975100137EB6 /* ASIWebPageRequest */ = {
			isa = PBXGroup;
			children = (
				E385F3731586975100137EB6 /* ASIWebPageRequest.h */,
				E385F3741586975100137EB6 /* ASIWebPageRequest.m */,
			);
			path = ASIWebPageRequest;
			sourceTree = "<group>";
		};
		E385F3B01586975100137EB6 /* External */ = {
			isa = PBXGroup;
			children = (
				E385F3B11586975100137EB6 /* GHUnit */,
				E385F3B31586975100137EB6 /* Reachability */,
			);
			path = External;
			sourceTree = "<group>";
		};
		E385F3B11586975100137EB6 /* GHUnit */ = {
			isa = PBXGroup;
			children = (
				E385F3B21586975100137EB6 /* README-GHUnit */,
			);
			path = GHUnit;
			sourceTree = "<group>";
		};
		E385F3B31586975100137EB6 /* Reachability */ = {
			isa = PBXGroup;
			children = (
				E385F3B41586975100137EB6 /* Reachability.h */,
				E385F3B51586975100137EB6 /* Reachability.m */,
			);
			path = Reachability;
			sourceTree = "<group>";
		};
		E3E90E7B157D3DA2004F1127 = {
			isa = PBXGroup;
			children = (
				E3ABA11C1587423B00866DF1 /* Settings.bundle */,
				E385F35B1586954200137EB6 /* libxml2.2.7.3.dylib */,
				E385F3591586953600137EB6 /* libz.dylib */,
				E385F3571586951C00137EB6 /* CFNetwork.framework */,
				E385F3551586951500137EB6 /* SystemConfiguration.framework */,
				E385F3531586950B00137EB6 /* MobileCoreServices.framework */,
				E3511FD5157E0FF40095BF55 /* walma_pad.png */,
				E3511FD2157E0E840095BF55 /* walma.png */,
				E3E90E90157D3DA3004F1127 /* walma-ios */,
				E3E90EB1157D3DA3004F1127 /* walma-iosTests */,
				E3E90E89157D3DA3004F1127 /* Frameworks */,
				E3E90E87157D3DA3004F1127 /* Products */,
			);
			sourceTree = "<group>";
		};
		E3E90E87157D3DA3004F1127 /* Products */ = {
			isa = PBXGroup;
			children = (
				E3E90E86157D3DA3004F1127 /* walma-ios.app */,
				E3E90EAA157D3DA3004F1127 /* walma-iosTests.octest */,
			);
			name = Products;
			sourceTree = "<group>";
		};
		E3E90E89157D3DA3004F1127 /* Frameworks */ = {
			isa = PBXGroup;
			children = (
				E3E90E8A157D3DA3004F1127 /* UIKit.framework */,
				E3E90E8C157D3DA3004F1127 /* Foundation.framework */,
				E3E90E8E157D3DA3004F1127 /* CoreGraphics.framework */,
				E3E90EAB157D3DA3004F1127 /* SenTestingKit.framework */,
			);
			name = Frameworks;
			sourceTree = "<group>";
		};
		E3E90E90157D3DA3004F1127 /* walma-ios */ = {
			isa = PBXGroup;
			children = (
				E385F35D1586975100137EB6 /* Classes */,
				E385F3B01586975100137EB6 /* External */,
				E3E90E99157D3DA3004F1127 /* walmaAppDelegate.h */,
				E3E90E9A157D3DA3004F1127 /* walmaAppDelegate.m */,
				E3E90E9C157D3DA3004F1127 /* MainStoryboard_iPhone.storyboard */,
				E3E90E9F157D3DA3004F1127 /* MainStoryboard_iPad.storyboard */,
				E3E90EA2157D3DA3004F1127 /* walmaViewController.h */,
				E3ABA10E158712DC00866DF1 /* walmaViewController.m */,
				E3768F87159078F60075C429 /* Localizable.strings */,
				E3E90E91157D3DA3004F1127 /* Supporting Files */,
			);
			path = "walma-ios";
			sourceTree = "<group>";
		};
		E3E90E91157D3DA3004F1127 /* Supporting Files */ = {
			isa = PBXGroup;
			children = (
				E3E90E92157D3DA3004F1127 /* walma-ios-Info.plist */,
				E3E90E93157D3DA3004F1127 /* InfoPlist.strings */,
				E3E90E96157D3DA3004F1127 /* main.m */,
				E3E90E98157D3DA3004F1127 /* walma-ios-Prefix.pch */,
			);
			name = "Supporting Files";
			sourceTree = "<group>";
		};
		E3E90EB1157D3DA3004F1127 /* walma-iosTests */ = {
			isa = PBXGroup;
			children = (
				E3E90EB7157D3DA3004F1127 /* walma_iosTests.h */,
				E3E90EB8157D3DA3004F1127 /* walma_iosTests.m */,
				E3E90EB2157D3DA3004F1127 /* Supporting Files */,
			);
			path = "walma-iosTests";
			sourceTree = "<group>";
		};
		E3E90EB2157D3DA3004F1127 /* Supporting Files */ = {
			isa = PBXGroup;
			children = (
				E3E90EB3157D3DA3004F1127 /* walma-iosTests-Info.plist */,
				E3E90EB4157D3DA3004F1127 /* InfoPlist.strings */,
			);
			name = "Supporting Files";
			sourceTree = "<group>";
		};
/* End PBXGroup section */

/* Begin PBXNativeTarget section */
		E3E90E85157D3DA2004F1127 /* walma-ios */ = {
			isa = PBXNativeTarget;
			buildConfigurationList = E3E90EBC157D3DA3004F1127 /* Build configuration list for PBXNativeTarget "walma-ios" */;
			buildPhases = (
				E3E90E82157D3DA2004F1127 /* Sources */,
				E3E90E83157D3DA2004F1127 /* Frameworks */,
				E3E90E84157D3DA2004F1127 /* Resources */,
			);
			buildRules = (
			);
			dependencies = (
			);
			name = "walma-ios";
			productName = "walma-ios";
			productReference = E3E90E86157D3DA3004F1127 /* walma-ios.app */;
			productType = "com.apple.product-type.application";
		};
		E3E90EA9157D3DA3004F1127 /* walma-iosTests */ = {
			isa = PBXNativeTarget;
			buildConfigurationList = E3E90EBF157D3DA3004F1127 /* Build configuration list for PBXNativeTarget "walma-iosTests" */;
			buildPhases = (
				E3E90EA5157D3DA3004F1127 /* Sources */,
				E3E90EA6157D3DA3004F1127 /* Frameworks */,
				E3E90EA7157D3DA3004F1127 /* Resources */,
				E3E90EA8157D3DA3004F1127 /* ShellScript */,
			);
			buildRules = (
			);
			dependencies = (
				E3E90EB0157D3DA3004F1127 /* PBXTargetDependency */,
			);
			name = "walma-iosTests";
			productName = "walma-iosTests";
			productReference = E3E90EAA157D3DA3004F1127 /* walma-iosTests.octest */;
			productType = "com.apple.product-type.bundle";
		};
/* End PBXNativeTarget section */

/* Begin PBXProject section */
		E3E90E7D157D3DA2004F1127 /* Project object */ = {
			isa = PBXProject;
			attributes = {
				LastUpgradeCheck = 0430;
			};
			buildConfigurationList = E3E90E80157D3DA2004F1127 /* Build configuration list for PBXProject "walma-ios" */;
			compatibilityVersion = "Xcode 3.2";
			developmentRegion = English;
			hasScannedForEncodings = 0;
			knownRegions = (
				en,
				fi,
			);
			mainGroup = E3E90E7B157D3DA2004F1127;
			productRefGroup = E3E90E87157D3DA3004F1127 /* Products */;
			projectDirPath = "";
			projectRoot = "";
			targets = (
				E3E90E85157D3DA2004F1127 /* walma-ios */,
				E3E90EA9157D3DA3004F1127 /* walma-iosTests */,
			);
		};
/* End PBXProject section */

/* Begin PBXResourcesBuildPhase section */
		E3E90E84157D3DA2004F1127 /* Resources */ = {
			isa = PBXResourcesBuildPhase;
			buildActionMask = 2147483647;
			files = (
				E3E90E95157D3DA3004F1127 /* InfoPlist.strings in Resources */,
				E3E90E9E157D3DA3004F1127 /* MainStoryboard_iPhone.storyboard in Resources */,
				E3E90EA1157D3DA3004F1127 /* MainStoryboard_iPad.storyboard in Resources */,
				E3511FD3157E0E840095BF55 /* walma.png in Resources */,
				E3511FD6157E0FF40095BF55 /* walma_pad.png in Resources */,
				E385F3DB1586975100137EB6 /* README-GHUnit in Resources */,
				E3ABA11D1587423B00866DF1 /* Settings.bundle in Resources */,
				E3768F85159078F60075C429 /* Localizable.strings in Resources */,
			);
			runOnlyForDeploymentPostprocessing = 0;
		};
		E3E90EA7157D3DA3004F1127 /* Resources */ = {
			isa = PBXResourcesBuildPhase;
			buildActionMask = 2147483647;
			files = (
				E3E90EB6157D3DA3004F1127 /* InfoPlist.strings in Resources */,
			);
			runOnlyForDeploymentPostprocessing = 0;
		};
/* End PBXResourcesBuildPhase section */

/* Begin PBXShellScriptBuildPhase section */
		E3E90EA8157D3DA3004F1127 /* ShellScript */ = {
			isa = PBXShellScriptBuildPhase;
			buildActionMask = 2147483647;
			files = (
			);
			inputPaths = (
			);
			outputPaths = (
			);
			runOnlyForDeploymentPostprocessing = 0;
			shellPath = /bin/sh;
			shellScript = "# Run the unit tests in this test bundle.\n\"${SYSTEM_DEVELOPER_DIR}/Tools/RunUnitTests\"\n";
		};
/* End PBXShellScriptBuildPhase section */

/* Begin PBXSourcesBuildPhase section */
		E3E90E82157D3DA2004F1127 /* Sources */ = {
			isa = PBXSourcesBuildPhase;
			buildActionMask = 2147483647;
			files = (
				E3E90E97157D3DA3004F1127 /* main.m in Sources */,
				E3E90E9B157D3DA3004F1127 /* walmaAppDelegate.m in Sources */,
				E385F3B61586975100137EB6 /* ASIAuthenticationDialog.m in Sources */,
				E385F3B71586975100137EB6 /* ASIDataCompressor.m in Sources */,
				E385F3B81586975100137EB6 /* ASIDataDecompressor.m in Sources */,
				E385F3B91586975100137EB6 /* ASIDownloadCache.m in Sources */,
				E385F3BA1586975100137EB6 /* ASIFormDataRequest.m in Sources */,
				E385F3BB1586975100137EB6 /* ASIHTTPRequest.m in Sources */,
				E385F3BC1586975100137EB6 /* ASIInputStream.m in Sources */,
				E385F3BD1586975100137EB6 /* ASINetworkQueue.m in Sources */,
				E385F3BE1586975100137EB6 /* ASIWebPageRequest.m in Sources */,
				E385F3DC1586975100137EB6 /* Reachability.m in Sources */,
				E3ABA10F158712DC00866DF1 /* walmaViewController.m in Sources */,
			);
			runOnlyForDeploymentPostprocessing = 0;
		};
		E3E90EA5157D3DA3004F1127 /* Sources */ = {
			isa = PBXSourcesBuildPhase;
			buildActionMask = 2147483647;
			files = (
				E3E90EB9157D3DA3004F1127 /* walma_iosTests.m in Sources */,
			);
			runOnlyForDeploymentPostprocessing = 0;
		};
/* End PBXSourcesBuildPhase section */

/* Begin PBXTargetDependency section */
		E3E90EB0157D3DA3004F1127 /* PBXTargetDependency */ = {
			isa = PBXTargetDependency;
			target = E3E90E85157D3DA2004F1127 /* walma-ios */;
			targetProxy = E3E90EAF157D3DA3004F1127 /* PBXContainerItemProxy */;
		};
/* End PBXTargetDependency section */

/* Begin PBXVariantGroup section */
		E3768F87159078F60075C429 /* Localizable.strings */ = {
			isa = PBXVariantGroup;
			children = (
				E3768F86159078F60075C429 /* en */,
				E3768F88159079060075C429 /* fi */,
			);
			name = Localizable.strings;
			sourceTree = "<group>";
		};
		E3E90E93157D3DA3004F1127 /* InfoPlist.strings */ = {
			isa = PBXVariantGroup;
			children = (
				E3E90E94157D3DA3004F1127 /* en */,
			);
			name = InfoPlist.strings;
			sourceTree = "<group>";
		};
		E3E90E9C157D3DA3004F1127 /* MainStoryboard_iPhone.storyboard */ = {
			isa = PBXVariantGroup;
			children = (
				E3E90E9D157D3DA3004F1127 /* en */,
			);
			name = MainStoryboard_iPhone.storyboard;
			sourceTree = "<group>";
		};
		E3E90E9F157D3DA3004F1127 /* MainStoryboard_iPad.storyboard */ = {
			isa = PBXVariantGroup;
			children = (
				E3E90EA0157D3DA3004F1127 /* en */,
			);
			name = MainStoryboard_iPad.storyboard;
			sourceTree = "<group>";
		};
		E3E90EB4157D3DA3004F1127 /* InfoPlist.strings */ = {
			isa = PBXVariantGroup;
			children = (
				E3E90EB5157D3DA3004F1127 /* en */,
			);
			name = InfoPlist.strings;
			sourceTree = "<group>";
		};
/* End PBXVariantGroup section */

/* Begin XCBuildConfiguration section */
		E3E90EBA157D3DA3004F1127 /* Debug */ = {
			isa = XCBuildConfiguration;
			buildSettings = {
				ALWAYS_SEARCH_USER_PATHS = NO;
				ARCHS = "$(ARCHS_STANDARD_32_BIT)";
				CLANG_ENABLE_OBJC_ARC = YES;
				CODE_SIGN_IDENTITY = "iPhone Developer";
				"CODE_SIGN_IDENTITY[sdk=iphoneos*]" = "iPhone Developer";
				COPY_PHASE_STRIP = NO;
				GCC_C_LANGUAGE_STANDARD = gnu99;
				GCC_DYNAMIC_NO_PIC = NO;
				GCC_OPTIMIZATION_LEVEL = 0;
				GCC_PREPROCESSOR_DEFINITIONS = (
					"DEBUG=1",
					"$(inherited)",
				);
				GCC_SYMBOLS_PRIVATE_EXTERN = NO;
				GCC_VERSION = com.apple.compilers.llvm.clang.1_0;
				GCC_WARN_ABOUT_MISSING_PROTOTYPES = YES;
				GCC_WARN_ABOUT_RETURN_TYPE = YES;
				GCC_WARN_UNUSED_VARIABLE = YES;
				IPHONEOS_DEPLOYMENT_TARGET = 5.0;
				PROVISIONING_PROFILE = "";
				SDKROOT = iphoneos;
				TARGETED_DEVICE_FAMILY = "1,2";
			};
			name = Debug;
		};
		E3E90EBB157D3DA3004F1127 /* Release */ = {
			isa = XCBuildConfiguration;
			buildSettings = {
				ALWAYS_SEARCH_USER_PATHS = NO;
				ARCHS = "$(ARCHS_STANDARD_32_BIT)";
				CLANG_ENABLE_OBJC_ARC = YES;
				CODE_SIGN_IDENTITY = "iPhone Developer";
				"CODE_SIGN_IDENTITY[sdk=iphoneos*]" = "iPhone Developer";
				COPY_PHASE_STRIP = YES;
				GCC_C_LANGUAGE_STANDARD = gnu99;
				GCC_VERSION = com.apple.compilers.llvm.clang.1_0;
				GCC_WARN_ABOUT_MISSING_PROTOTYPES = YES;
				GCC_WARN_ABOUT_RETURN_TYPE = YES;
				GCC_WARN_UNUSED_VARIABLE = YES;
				IPHONEOS_DEPLOYMENT_TARGET = 5.0;
				OTHER_CFLAGS = "-DNS_BLOCK_ASSERTIONS=1";
				PROVISIONING_PROFILE = "";
				SDKROOT = iphoneos;
				TARGETED_DEVICE_FAMILY = "1,2";
				VALIDATE_PRODUCT = YES;
			};
			name = Release;
		};
		E3E90EBD157D3DA3004F1127 /* Debug */ = {
			isa = XCBuildConfiguration;
			buildSettings = {
				CLANG_ENABLE_OBJC_ARC = NO;
				GCC_PRECOMPILE_PREFIX_HEADER = YES;
				GCC_PREFIX_HEADER = "walma-ios/walma-ios-Prefix.pch";
				HEADER_SEARCH_PATHS = "$(SDKROOT)/usr/include/libxml2";
				INFOPLIST_FILE = "walma-ios/walma-ios-Info.plist";
				PRODUCT_NAME = "$(TARGET_NAME)";
				WRAPPER_EXTENSION = app;
			};
			name = Debug;
		};
		E3E90EBE157D3DA3004F1127 /* Release */ = {
			isa = XCBuildConfiguration;
			buildSettings = {
				CLANG_ENABLE_OBJC_ARC = NO;
				GCC_PRECOMPILE_PREFIX_HEADER = YES;
				GCC_PREFIX_HEADER = "walma-ios/walma-ios-Prefix.pch";
				HEADER_SEARCH_PATHS = "$(SDKROOT)/usr/include/libxml2";
				INFOPLIST_FILE = "walma-ios/walma-ios-Info.plist";
				PRODUCT_NAME = "$(TARGET_NAME)";
				WRAPPER_EXTENSION = app;
			};
			name = Release;
		};
		E3E90EC0157D3DA3004F1127 /* Debug */ = {
			isa = XCBuildConfiguration;
			buildSettings = {
				BUNDLE_LOADER = "$(BUILT_PRODUCTS_DIR)/walma-ios.app/walma-ios";
				FRAMEWORK_SEARCH_PATHS = (
					"$(SDKROOT)/Developer/Library/Frameworks",
					"$(DEVELOPER_LIBRARY_DIR)/Frameworks",
				);
				GCC_PRECOMPILE_PREFIX_HEADER = YES;
				GCC_PREFIX_HEADER = "walma-ios/walma-ios-Prefix.pch";
				INFOPLIST_FILE = "walma-iosTests/walma-iosTests-Info.plist";
				PRODUCT_NAME = "$(TARGET_NAME)";
				TEST_HOST = "$(BUNDLE_LOADER)";
				WRAPPER_EXTENSION = octest;
			};
			name = Debug;
		};
		E3E90EC1157D3DA3004F1127 /* Release */ = {
			isa = XCBuildConfiguration;
			buildSettings = {
				BUNDLE_LOADER = "$(BUILT_PRODUCTS_DIR)/walma-ios.app/walma-ios";
				FRAMEWORK_SEARCH_PATHS = (
					"$(SDKROOT)/Developer/Library/Frameworks",
					"$(DEVELOPER_LIBRARY_DIR)/Frameworks",
				);
				GCC_PRECOMPILE_PREFIX_HEADER = YES;
				GCC_PREFIX_HEADER = "walma-ios/walma-ios-Prefix.pch";
				INFOPLIST_FILE = "walma-iosTests/walma-iosTests-Info.plist";
				PRODUCT_NAME = "$(TARGET_NAME)";
				TEST_HOST = "$(BUNDLE_LOADER)";
				WRAPPER_EXTENSION = octest;
			};
			name = Release;
		};
/* End XCBuildConfiguration section */

/* Begin XCConfigurationList section */
		E3E90E80157D3DA2004F1127 /* Build configuration list for PBXProject "walma-ios" */ = {
			isa = XCConfigurationList;
			buildConfigurations = (
				E3E90EBA157D3DA3004F1127 /* Debug */,
				E3E90EBB157D3DA3004F1127 /* Release */,
			);
			defaultConfigurationIsVisible = 0;
			defaultConfigurationName = Release;
		};
		E3E90EBC157D3DA3004F1127 /* Build configuration list for PBXNativeTarget "walma-ios" */ = {
			isa = XCConfigurationList;
			buildConfigurations = (
				E3E90EBD157D3DA3004F1127 /* Debug */,
				E3E90EBE157D3DA3004F1127 /* Release */,
			);
			defaultConfigurationIsVisible = 0;
			defaultConfigurationName = Release;
		};
		E3E90EBF157D3DA3004F1127 /* Build configuration list for PBXNativeTarget "walma-iosTests" */ = {
			isa = XCConfigurationList;
			buildConfigurations = (
				E3E90EC0157D3DA3004F1127 /* Debug */,
				E3E90EC1157D3DA3004F1127 /* Release */,
			);
			defaultConfigurationIsVisible = 0;
			defaultConfigurationName = Release;
		};
/* End XCConfigurationList section */
	};
	rootObject = E3E90E7D157D3DA2004F1127 /* Project object */;
}
